
Microsoft Visual Studio Solution File, Format Version 12.00
# Visual Studio Version 16
VisualStudioVersion = 16.0.29806.167
MinimumVisualStudioVersion = 10.0.40219.1
Project("{FAE04EC0-301F-11D3-BF4B-00C04F79EFBC}") = "Kockapoker", "Kockapoker\Kockapoker.csproj", "{17418B2E-0556-4D05-9407-AECFB28F74EB}"
EndProject
Global
	GlobalSection(SolutionConfigurationPlatforms) = preSolution
		Debug|Any CPU = Debug|Any CPU
		Release|Any CPU = Release|Any CPU
	EndGlobalSection
	GlobalSection(ProjectConfigurationPlatforms) = postSolution
		{17418B2E-0556-4D05-9407-AECFB28F74EB}.Debug|Any CPU.ActiveCfg = Debug|Any CPU
		{17418B2E-0556-4D05-9407-AECFB28F74EB}.Debug|Any CPU.Build.0 = Debug|Any CPU
		{17418B2E-0556-4D05-9407-AECFB28F74EB}.Release|Any CPU.ActiveCfg = Release|Any CPU
		{17418B2E-0556-4D05-9407-AECFB28F74EB}.Release|Any CPU.Build.0 = Release|Any CPU
	EndGlobalSection
	GlobalSection(SolutionProperties) = preSolution
		HideSolutionNode = FALSE
	EndGlobalSection
	GlobalSection(ExtensibilityGlobals) = postSolution
		SolutionGuid = {E69CE90E-D72A-4058-B152-20EC446891E1}
	EndGlobalSection
EndGlobal
